github.com/gorilla/websocket v1.4.2 h1:+/TMaTYc4QFitKJxsQ7Yye35DkWvkdLcvGKqM+x0Ufc=
github.com/gorilla/websocket v1.4.2/go.mod h1:YR8l580nyteQvAITg2hZ9XVh4b55+EU/adAjf1fMHhE=
github.com/rishi-anand/fyers-api-models v0.0.1 h1:Mbzvux5Q1xYIUGrttGtn0cxv7OAEG9h08WEq1ub5k34=
github.com/rishi-anand/fyers-api-models v0.0.1/go.mod h1:ZMRjSonV1xZ9bn+mrq7bPGJlhNuQsVu6BTTBdwi+j1A=
github.com/sacOO7/go-logger v0.0.0-20180719173527-9ac9add5a50d h1:5T+fbRuQbpi+WZtB2yfuu59r00F6T2HV/zGYrwX8nvE=
github.com/sacOO7/go-logger v0.0.0-20180719173527-9ac9add5a50d/go.mod h1:L5EJe2k8GwpBoGXDRLAEs58R239jpZuE7NNEtW+T7oo=
github.com/sacOO7/gowebsocket v0.0.0-20210515122958-9396f1a71e23 h1:yjnkNJTpQPCx10KF1jypuIhAVc6EYn2M9lJgwSTHQYs=
github.com/sacOO7/gowebsocket v0.0.0-20210515122958-9396f1a71e23/go.mod h1:h00QywbM5Le22ESUiI8Yz2/9TVGD8eAz/cAk55Kcz/E=
